github.com/chzyer/logex v1.1.10/go.mod h1:+Ywpsq7O8HXn0nuIou7OrIPyXbp3wmkHB+jjWRnGsAI=
github.com/chzyer/readline v0.0.0-20180603132655-2972be24d48e/go.mod h1:nSuG5e5PlCu98SY8svDHJxuZscDgtXS6KTTbou5AhLI=
github.com/chzyer/test v0.0.0-20180213035817-a1ea475d72b1/go.mod h1:Q3SI9o4m/ZMnBNeIyt5eFwwo7qiLfzFZmjNmxjkiQlU=
github.com/golang/groupcache v0.0.0-20210331224755-41bb18bfe9da h1:oI5xCqsCo564l8iNU+DwB5epxmsaqB+rhGL0m5jtYqE=
github.com/golang/groupcache v0.0.0-20210331224755-41bb18bfe9da/go.mod h1:cIg4eruTrX1D+g88fzRXU5OdNfaM+9IcxsU14FzY7Hc=
github.com/ifritJP/LuneScript/src v0.0.0-20210705223321-4ff5d2c19c80/go.mod h1:sTuwIYaYJpJzhDSDsiw/yZOlGeOe9oATT905zzpwZwM=
github.com/ifritJP/LuneScript/src v0.0.0-20220216124503-22bc3e1da084 h1:DY/ZR0+GbpfQGyGgwyBvxWCsyVh94DXonaaikiQ2MMc=
github.com/ifritJP/LuneScript/src v0.0.0-20220216124503-22bc3e1da084/go.mod h1:sTuwIYaYJpJzhDSDsiw/yZOlGeOe9oATT905zzpwZwM=
github.com/ifritJP/lnshttpd/src v0.0.0-20220216124014-1611732069f0 h1:HVS8UPnY74tEH6uvvPVmIk++MBpVgWIOzzaUpPXtP7g=
github.com/ifritJP/lnshttpd/src v0.0.0-20220216124014-1611732069f0/go.mod h1:kqm2doRFhgyNF0r8YGZbxNJPzadZrmkfAE9GDO4b4tg=
github.com/yuin/gopher-lua v0.0.0-20200816102855-ee81675732da h1:NimzV1aGyq29m5ukMK0AMWEhFaL/lrEOaephfuoiARg=
github.com/yuin/gopher-lua v0.0.0-20200816102855-ee81675732da/go.mod h1:E1AXubJBdNmFERAOucpDIxNzeGfLzg0mYh+UfMWdChA=
golang.org/x/sys v0.0.0-20190204203706-41f3e6584952/go.mod h1:STP8DvDyc/dI5b8T5hshtkjS+E42TnysNCUPdjciGhY=
